
Microsoft Visual Studio Solution File, Format Version 12.00
# Visual Studio Version 17
VisualStudioVersion = 17.0.32126.317
MinimumVisualStudioVersion = 10.0.40219.1
Project("{FAE04EC0-301F-11D3-BF4B-00C04F79EFBC}") = "WebApp1", "WebApp1.csproj", "{51606178-D157-49F6-9839-7B8E7B89B694}"
EndProject
Global
	GlobalSection(SolutionConfigurationPlatforms) = preSolution
		Debug|Any CPU = Debug|Any CPU
		Release|Any CPU = Release|Any CPU
	EndGlobalSection
	GlobalSection(ProjectConfigurationPlatforms) = postSolution
		{51606178-D157-49F6-9839-7B8E7B89B694}.Debug|Any CPU.ActiveCfg = Debug|Any CPU
		{51606178-D157-49F6-9839-7B8E7B89B694}.Debug|Any CPU.Build.0 = Debug|Any CPU
		{51606178-D157-49F6-9839-7B8E7B89B694}.Release|Any CPU.ActiveCfg = Release|Any CPU
		{51606178-D157-49F6-9839-7B8E7B89B694}.Release|Any CPU.Build.0 = Release|Any CPU
	EndGlobalSection
	GlobalSection(SolutionProperties) = preSolution
		HideSolutionNode = FALSE
	EndGlobalSection
	GlobalSection(ExtensibilityGlobals) = postSolution
		SolutionGuid = {5AC2E5FC-DB7E-468A-9133-0090EC228D58}
	EndGlobalSection
EndGlobal
